
Microsoft Visual Studio Solution File, Format Version 12.00
# Visual Studio 2012
Project("{FAE04EC0-301F-11D3-BF4B-00C04F79EFBC}") = "FirstMacApp", "FirstMacApp\FirstMacApp.csproj", "{900FA75F-8DF5-4C9A-8C29-C706CEC1E805}"
EndProject
Global
	GlobalSection(SolutionConfigurationPlatforms) = preSolution
		Debug|x86 = Debug|x86
		Release|x86 = Release|x86
	EndGlobalSection
	GlobalSection(ProjectConfigurationPlatforms) = postSolution
		{900FA75F-8DF5-4C9A-8C29-C706CEC1E805}.Debug|x86.ActiveCfg = Debug|x86
		{900FA75F-8DF5-4C9A-8C29-C706CEC1E805}.Debug|x86.Build.0 = Debug|x86
		{900FA75F-8DF5-4C9A-8C29-C706CEC1E805}.Release|x86.ActiveCfg = Release|x86
		{900FA75F-8DF5-4C9A-8C29-C706CEC1E805}.Release|x86.Build.0 = Release|x86
	EndGlobalSection
EndGlobal
